// !$*UTF8*$!
{
	archiveVersion = 1;
	classes = {
	};
	objectVersion = 55;
	objects = {

/* Begin PBXBuildFile section */
		64057600283BFFF700BD2160 /* String+Extension.swift in Sources */ = {isa = PBXBuildFile; fileRef = 640575FF283BFFF700BD2160 /* String+Extension.swift */; };
		64057604283C00E100BD2160 /* DetailCollectionViewCell.swift in Sources */ = {isa = PBXBuildFile; fileRef = 64057602283C00E100BD2160 /* DetailCollectionViewCell.swift */; };
		64057605283C00E100BD2160 /* DetailCollectionViewCell.xib in Resources */ = {isa = PBXBuildFile; fileRef = 64057603283C00E100BD2160 /* DetailCollectionViewCell.xib */; };
		64057607283C071900BD2160 /* Favorite.swift in Sources */ = {isa = PBXBuildFile; fileRef = 64057606283C071900BD2160 /* Favorite.swift */; };
		64057609283C17D800BD2160 /* Richability.swift in Sources */ = {isa = PBXBuildFile; fileRef = 64057608283C17D800BD2160 /* Richability.swift */; };
		6405760B283C182A00BD2160 /* FirebaseImageDownloader.swift in Sources */ = {isa = PBXBuildFile; fileRef = 6405760A283C182A00BD2160 /* FirebaseImageDownloader.swift */; };
		64186C65283A675F0076399C /* UIView+Extension.swift in Sources */ = {isa = PBXBuildFile; fileRef = 64186C64283A675F0076399C /* UIView+Extension.swift */; };
		64186C6B283A79AA0076399C /* SignUpViewController.swift in Sources */ = {isa = PBXBuildFile; fileRef = 64186C6A283A79AA0076399C /* SignUpViewController.swift */; };
		64186C6E283A7A1F0076399C /* ProgressBarProtocol.swift in Sources */ = {isa = PBXBuildFile; fileRef = 64186C6D283A7A1F0076399C /* ProgressBarProtocol.swift */; };
		642AC83B283B042900B151A6 /* User.swift in Sources */ = {isa = PBXBuildFile; fileRef = 642AC83A283B042900B151A6 /* User.swift */; };
		642AC83D283B05C900B151A6 /* GoogleService-Info.plist in Resources */ = {isa = PBXBuildFile; fileRef = 642AC83C283B05C900B151A6 /* GoogleService-Info.plist */; };
		642AC840283B07E900B151A6 /* FirebaseCollectionReference.swift in Sources */ = {isa = PBXBuildFile; fileRef = 642AC83F283B07E900B151A6 /* FirebaseCollectionReference.swift */; };
		642AC843283B0A8400B151A6 /* Constants.swift in Sources */ = {isa = PBXBuildFile; fileRef = 642AC842283B0A8400B151A6 /* Constants.swift */; };
		642AC84E283B9E9900B151A6 /* CardView.swift in Sources */ = {isa = PBXBuildFile; fileRef = 642AC84D283B9E9900B151A6 /* CardView.swift */; };
		642AC851283BA41700B151A6 /* RocketCollectionViewCell.swift in Sources */ = {isa = PBXBuildFile; fileRef = 642AC84F283BA41700B151A6 /* RocketCollectionViewCell.swift */; };
		642AC852283BA41700B151A6 /* RocketCollectionViewCell.xib in Resources */ = {isa = PBXBuildFile; fileRef = 642AC850283BA41700B151A6 /* RocketCollectionViewCell.xib */; };
		642AC855283BA69C00B151A6 /* DetailRocketViewController.swift in Sources */ = {isa = PBXBuildFile; fileRef = 642AC854283BA69C00B151A6 /* DetailRocketViewController.swift */; };
		642AC857283BA75600B151A6 /* Rocket.swift in Sources */ = {isa = PBXBuildFile; fileRef = 642AC856283BA75600B151A6 /* Rocket.swift */; };
		642AC859283BA97200B151A6 /* NetworkService.swift in Sources */ = {isa = PBXBuildFile; fileRef = 642AC858283BA97200B151A6 /* NetworkService.swift */; };
		645457D9283A38B10034D4A3 /* LogInViewController.swift in Sources */ = {isa = PBXBuildFile; fileRef = 645457D8283A38B10034D4A3 /* LogInViewController.swift */; };
		645457E0283A45370034D4A3 /* BackgroundImageProtocol.swift in Sources */ = {isa = PBXBuildFile; fileRef = 645457DF283A45370034D4A3 /* BackgroundImageProtocol.swift */; };
		645E403C283D5DEE0003DDFA /* DetailFavoriteViewController.swift in Sources */ = {isa = PBXBuildFile; fileRef = 645E403B283D5DEE0003DDFA /* DetailFavoriteViewController.swift */; };
		645E4041283D81A50003DDFA /* EmptyBackgroundView.xib in Resources */ = {isa = PBXBuildFile; fileRef = 645E4040283D81A50003DDFA /* EmptyBackgroundView.xib */; };
		646BCCD52839BB5B00BD6862 /* AppDelegate.swift in Sources */ = {isa = PBXBuildFile; fileRef = 646BCCD42839BB5B00BD6862 /* AppDelegate.swift */; };
		646BCCD72839BB5B00BD6862 /* SceneDelegate.swift in Sources */ = {isa = PBXBuildFile; fileRef = 646BCCD62839BB5B00BD6862 /* SceneDelegate.swift */; };
		646BCCDC2839BB5B00BD6862 /* Main.storyboard in Resources */ = {isa = PBXBuildFile; fileRef = 646BCCDA2839BB5B00BD6862 /* Main.storyboard */; };
		646BCCDE2839BB5D00BD6862 /* Assets.xcassets in Resources */ = {isa = PBXBuildFile; fileRef = 646BCCDD2839BB5D00BD6862 /* Assets.xcassets */; };
		646BCCE12839BB5D00BD6862 /* LaunchScreen.storyboard in Resources */ = {isa = PBXBuildFile; fileRef = 646BCCDF2839BB5D00BD6862 /* LaunchScreen.storyboard */; };
		646BCCEC2839BB5D00BD6862 /* SpaceXFanTests.swift in Sources */ = {isa = PBXBuildFile; fileRef = 646BCCEB2839BB5D00BD6862 /* SpaceXFanTests.swift */; };
		646BCCF62839BB5D00BD6862 /* SpaceXFanUITests.swift in Sources */ = {isa = PBXBuildFile; fileRef = 646BCCF52839BB5D00BD6862 /* SpaceXFanUITests.swift */; };
		646BCCF82839BB5D00BD6862 /* SpaceXFanUITestsLaunchTests.swift in Sources */ = {isa = PBXBuildFile; fileRef = 646BCCF72839BB5D00BD6862 /* SpaceXFanUITestsLaunchTests.swift */; };
		646BCD062839CC6D00BD6862 /* RocketsViewController.swift in Sources */ = {isa = PBXBuildFile; fileRef = 646BCD052839CC6D00BD6862 /* RocketsViewController.swift */; };
		64AB2B13283C2BF800069866 /* FavoritesViewController.swift in Sources */ = {isa = PBXBuildFile; fileRef = 64AB2B12283C2BF800069866 /* FavoritesViewController.swift */; };
		64ACAA7C283E46BA00E5900D /* EmptyBackgroundView.swift in Sources */ = {isa = PBXBuildFile; fileRef = 64ACAA7B283E46BA00E5900D /* EmptyBackgroundView.swift */; };
		64ACAA7E283E5AF600E5900D /* Upcoming.swift in Sources */ = {isa = PBXBuildFile; fileRef = 64ACAA7D283E5AF600E5900D /* Upcoming.swift */; };
		64ACAAC2283EBC3200E5900D /* color.xcassets in Resources */ = {isa = PBXBuildFile; fileRef = 64ACAAC1283EBC3200E5900D /* color.xcassets */; };
		64D99494283A9D8800DA9C02 /* ActivationViewController.swift in Sources */ = {isa = PBXBuildFile; fileRef = 64D99493283A9D8800DA9C02 /* ActivationViewController.swift */; };
		64D99498283AA3E100DA9C02 /* PrivacyViewController.swift in Sources */ = {isa = PBXBuildFile; fileRef = 64D99497283AA3E100DA9C02 /* PrivacyViewController.swift */; };
		64D9949A283AB55700DA9C02 /* AccountCreatedViewController.swift in Sources */ = {isa = PBXBuildFile; fileRef = 64D99499283AB55700DA9C02 /* AccountCreatedViewController.swift */; };
		64DC7B26283AE969000C2B03 /* AlertViewProtocol.swift in Sources */ = {isa = PBXBuildFile; fileRef = 64DC7B25283AE969000C2B03 /* AlertViewProtocol.swift */; };
		AE01B97DB10B86984A09A583 /* Pods_SpaceXFan.framework in Frameworks */ = {isa = PBXBuildFile; fileRef = 4CA0D207CC3B5EA34BC7A11F /* Pods_SpaceXFan.framework */; };
		C42DF1B1FB914B0232B1ED5A /* Pods_SpaceXFan_SpaceXFanUITests.framework in Frameworks */ = {isa = PBXBuildFile; fileRef = F5291CDFF018513EE34BF74E /* Pods_SpaceXFan_SpaceXFanUITests.framework */; };
		F46F7114DE7F789CAE820D41 /* Pods_SpaceXFanTests.framework in Frameworks */ = {isa = PBXBuildFile; fileRef = 8DCBB798F2A5731A7075C122 /* Pods_SpaceXFanTests.framework */; };
/* End PBXBuildFile section */

/* Begin PBXContainerItemProxy section */
		646BCCE82839BB5D00BD6862 /* PBXContainerItemProxy */ = {
			isa = PBXContainerItemProxy;
			containerPortal = 646BCCC92839BB5B00BD6862 /* Project object */;
			proxyType = 1;
			remoteGlobalIDString = 646BCCD02839BB5B00BD6862;
			remoteInfo = SpaceXFan;
		};
		646BCCF22839BB5D00BD6862 /* PBXContainerItemProxy */ = {
			isa = PBXContainerItemProxy;
			containerPortal = 646BCCC92839BB5B00BD6862 /* Project object */;
			proxyType = 1;
			remoteGlobalIDString = 646BCCD02839BB5B00BD6862;
			remoteInfo = SpaceXFan;
		};
/* End PBXContainerItemProxy section */

/* Begin PBXFileReference section */
		22A1B0E09A401548C47EB191 /* Pods-SpaceXFan.debug.xcconfig */ = {isa = PBXFileReference; includeInIndex = 1; lastKnownFileType = text.xcconfig; name = "Pods-SpaceXFan.debug.xcconfig"; path = "Target Support Files/Pods-SpaceXFan/Pods-SpaceXFan.debug.xcconfig"; sourceTree = "<group>"; };
		2B9933C1C8DA93585F9237EB /* Pods-SpaceXFan-SpaceXFanUITests.release.xcconfig */ = {isa = PBXFileReference; includeInIndex = 1; lastKnownFileType = text.xcconfig; name = "Pods-SpaceXFan-SpaceXFanUITests.release.xcconfig"; path = "Target Support Files/Pods-SpaceXFan-SpaceXFanUITests/Pods-SpaceXFan-SpaceXFanUITests.release.xcconfig"; sourceTree = "<group>"; };
		3AD6DBEB9111022291889553 /* Pods-SpaceXFanTests.debug.xcconfig */ = {isa = PBXFileReference; includeInIndex = 1; lastKnownFileType = text.xcconfig; name = "Pods-SpaceXFanTests.debug.xcconfig"; path = "Target Support Files/Pods-SpaceXFanTests/Pods-SpaceXFanTests.debug.xcconfig"; sourceTree = "<group>"; };
		4CA0D207CC3B5EA34BC7A11F /* Pods_SpaceXFan.framework */ = {isa = PBXFileReference; explicitFileType = wrapper.framework; includeInIndex = 0; path = Pods_SpaceXFan.framework; sourceTree = BUILT_PRODUCTS_DIR; };
		52C60583D96E2950AD3FA8CC /* Pods-SpaceXFan.release.xcconfig */ = {isa = PBXFileReference; includeInIndex = 1; lastKnownFileType = text.xcconfig; name = "Pods-SpaceXFan.release.xcconfig"; path = "Target Support Files/Pods-SpaceXFan/Pods-SpaceXFan.release.xcconfig"; sourceTree = "<group>"; };
		640575FF283BFFF700BD2160 /* String+Extension.swift */ = {isa = PBXFileReference; lastKnownFileType = sourcecode.swift; path = "String+Extension.swift"; sourceTree = "<group>"; };
		64057602283C00E100BD2160 /* DetailCollectionViewCell.swift */ = {isa = PBXFileReference; lastKnownFileType = sourcecode.swift; path = DetailCollectionViewCell.swift; sourceTree = "<group>"; };
		64057603283C00E100BD2160 /* DetailCollectionViewCell.xib */ = {isa = PBXFileReference; lastKnownFileType = file.xib; path = DetailCollectionViewCell.xib; sourceTree = "<group>"; };
		64057606283C071900BD2160 /* Favorite.swift */ = {isa = PBXFileReference; lastKnownFileType = sourcecode.swift; path = Favorite.swift; sourceTree = "<group>"; };
		64057608283C17D800BD2160 /* Richability.swift */ = {isa = PBXFileReference; lastKnownFileType = sourcecode.swift; path = Richability.swift; sourceTree = "<group>"; };
		6405760A283C182A00BD2160 /* FirebaseImageDownloader.swift */ = {isa = PBXFileReference; lastKnownFileType = sourcecode.swift; path = FirebaseImageDownloader.swift; sourceTree = "<group>"; };
		64186C64283A675F0076399C /* UIView+Extension.swift */ = {isa = PBXFileReference; lastKnownFileType = sourcecode.swift; path = "UIView+Extension.swift"; sourceTree = "<group>"; };
		64186C6A283A79AA0076399C /* SignUpViewController.swift */ = {isa = PBXFileReference; lastKnownFileType = sourcecode.swift; path = SignUpViewController.swift; sourceTree = "<group>"; };
		64186C6D283A7A1F0076399C /* ProgressBarProtocol.swift */ = {isa = PBXFileReference; lastKnownFileType = sourcecode.swift; path = ProgressBarProtocol.swift; sourceTree = "<group>"; };
		642AC83A283B042900B151A6 /* User.swift */ = {isa = PBXFileReference; lastKnownFileType = sourcecode.swift; path = User.swift; sourceTree = "<group>"; };
		642AC83C283B05C900B151A6 /* GoogleService-Info.plist */ = {isa = PBXFileReference; fileEncoding = 4; lastKnownFileType = text.plist.xml; path = "GoogleService-Info.plist"; sourceTree = "<group>"; };
		642AC83F283B07E900B151A6 /* FirebaseCollectionReference.swift */ = {isa = PBXFileReference; lastKnownFileType = sourcecode.swift; path = FirebaseCollectionReference.swift; sourceTree = "<group>"; };
		642AC842283B0A8400B151A6 /* Constants.swift */ = {isa = PBXFileReference; lastKnownFileType = sourcecode.swift; path = Constants.swift; sourceTree = "<group>"; };
		642AC84D283B9E9900B151A6 /* CardView.swift */ = {isa = PBXFileReference; lastKnownFileType = sourcecode.swift; path = CardView.swift; sourceTree = "<group>"; };
		642AC84F283BA41700B151A6 /* RocketCollectionViewCell.swift */ = {isa = PBXFileReference; lastKnownFileType = sourcecode.swift; path = RocketCollectionViewCell.swift; sourceTree = "<group>"; };
		642AC850283BA41700B151A6 /* RocketCollectionViewCell.xib */ = {isa = PBXFileReference; lastKnownFileType = file.xib; path = RocketCollectionViewCell.xib; sourceTree = "<group>"; };
		642AC854283BA69C00B151A6 /* DetailRocketViewController.swift */ = {isa = PBXFileReference; lastKnownFileType = sourcecode.swift; path = DetailRocketViewController.swift; sourceTree = "<group>"; };
		642AC856283BA75600B151A6 /* Rocket.swift */ = {isa = PBXFileReference; lastKnownFileType = sourcecode.swift; path = Rocket.swift; sourceTree = "<group>"; };
		642AC858283BA97200B151A6 /* NetworkService.swift */ = {isa = PBXFileReference; lastKnownFileType = sourcecode.swift; path = NetworkService.swift; sourceTree = "<group>"; };
		645457D8283A38B10034D4A3 /* LogInViewController.swift */ = {isa = PBXFileReference; lastKnownFileType = sourcecode.swift; path = LogInViewController.swift; sourceTree = "<group>"; };
		645457DF283A45370034D4A3 /* BackgroundImageProtocol.swift */ = {isa = PBXFileReference; lastKnownFileType = sourcecode.swift; path = BackgroundImageProtocol.swift; sourceTree = "<group>"; };
		645E403B283D5DEE0003DDFA /* DetailFavoriteViewController.swift */ = {isa = PBXFileReference; lastKnownFileType = sourcecode.swift; path = DetailFavoriteViewController.swift; sourceTree = "<group>"; };
		645E4040283D81A50003DDFA /* EmptyBackgroundView.xib */ = {isa = PBXFileReference; lastKnownFileType = file.xib; path = EmptyBackgroundView.xib; sourceTree = "<group>"; };
		646BCCD12839BB5B00BD6862 /* SpaceXFan.app */ = {isa = PBXFileReference; explicitFileType = wrapper.application; includeInIndex = 0; path = SpaceXFan.app; sourceTree = BUILT_PRODUCTS_DIR; };
		646BCCD42839BB5B00BD6862 /* AppDelegate.swift */ = {isa = PBXFileReference; lastKnownFileType = sourcecode.swift; path = AppDelegate.swift; sourceTree = "<group>"; };
		646BCCD62839BB5B00BD6862 /* SceneDelegate.swift */ = {isa = PBXFileReference; lastKnownFileType = sourcecode.swift; path = SceneDelegate.swift; sourceTree = "<group>"; };
		646BCCDB2839BB5B00BD6862 /* Base */ = {isa = PBXFileReference; lastKnownFileType = file.storyboard; name = Base; path = Base.lproj/Main.storyboard; sourceTree = "<group>"; };
		646BCCDD2839BB5D00BD6862 /* Assets.xcassets */ = {isa = PBXFileReference; lastKnownFileType = folder.assetcatalog; path = Assets.xcassets; sourceTree = "<group>"; };
		646BCCE02839BB5D00BD6862 /* Base */ = {isa = PBXFileReference; lastKnownFileType = file.storyboard; name = Base; path = Base.lproj/LaunchScreen.storyboard; sourceTree = "<group>"; };
		646BCCE22839BB5D00BD6862 /* Info.plist */ = {isa = PBXFileReference; lastKnownFileType = text.plist.xml; path = Info.plist; sourceTree = "<group>"; };
		646BCCE72839BB5D00BD6862 /* SpaceXFanTests.xctest */ = {isa = PBXFileReference; explicitFileType = wrapper.cfbundle; includeInIndex = 0; path = SpaceXFanTests.xctest; sourceTree = BUILT_PRODUCTS_DIR; };
		646BCCEB2839BB5D00BD6862 /* SpaceXFanTests.swift */ = {isa = PBXFileReference; lastKnownFileType = sourcecode.swift; path = SpaceXFanTests.swift; sourceTree = "<group>"; };
		646BCCF12839BB5D00BD6862 /* SpaceXFanUITests.xctest */ = {isa = PBXFileReference; explicitFileType = wrapper.cfbundle; includeInIndex = 0; path = SpaceXFanUITests.xctest; sourceTree = BUILT_PRODUCTS_DIR; };
		646BCCF52839BB5D00BD6862 /* SpaceXFanUITests.swift */ = {isa = PBXFileReference; lastKnownFileType = sourcecode.swift; path = SpaceXFanUITests.swift; sourceTree = "<group>"; };
		646BCCF72839BB5D00BD6862 /* SpaceXFanUITestsLaunchTests.swift */ = {isa = PBXFileReference; lastKnownFileType = sourcecode.swift; path = SpaceXFanUITestsLaunchTests.swift; sourceTree = "<group>"; };
		646BCD052839CC6D00BD6862 /* RocketsViewController.swift */ = {isa = PBXFileReference; lastKnownFileType = sourcecode.swift; path = RocketsViewController.swift; sourceTree = "<group>"; };
		64AB2B12283C2BF800069866 /* FavoritesViewController.swift */ = {isa = PBXFileReference; lastKnownFileType = sourcecode.swift; path = FavoritesViewController.swift; sourceTree = "<group>"; };
		64ACAA7B283E46BA00E5900D /* EmptyBackgroundView.swift */ = {isa = PBXFileReference; lastKnownFileType = sourcecode.swift; path = EmptyBackgroundView.swift; sourceTree = "<group>"; };
		64ACAA7D283E5AF600E5900D /* Upcoming.swift */ = {isa = PBXFileReference; lastKnownFileType = sourcecode.swift; path = Upcoming.swift; sourceTree = "<group>"; };
		64ACAAC1283EBC3200E5900D /* color.xcassets */ = {isa = PBXFileReference; lastKnownFileType = folder.assetcatalog; path = color.xcassets; sourceTree = "<group>"; };
		64D99493283A9D8800DA9C02 /* ActivationViewController.swift */ = {isa = PBXFileReference; lastKnownFileType = sourcecode.swift; path = ActivationViewController.swift; sourceTree = "<group>"; };
		64D99497283AA3E100DA9C02 /* PrivacyViewController.swift */ = {isa = PBXFileReference; lastKnownFileType = sourcecode.swift; path = PrivacyViewController.swift; sourceTree = "<group>"; };
		64D99499283AB55700DA9C02 /* AccountCreatedViewController.swift */ = {isa = PBXFileReference; lastKnownFileType = sourcecode.swift; path = AccountCreatedViewController.swift; sourceTree = "<group>"; };
		64DC7B25283AE969000C2B03 /* AlertViewProtocol.swift */ = {isa = PBXFileReference; lastKnownFileType = sourcecode.swift; path = AlertViewProtocol.swift; sourceTree = "<group>"; };
		8DCBB798F2A5731A7075C122 /* Pods_SpaceXFanTests.framework */ = {isa = PBXFileReference; explicitFileType = wrapper.framework; includeInIndex = 0; path = Pods_SpaceXFanTests.framework; sourceTree = BUILT_PRODUCTS_DIR; };
		AC97AAE693964E6D1022F51E /* Pods-SpaceXFan-SpaceXFanUITests.debug.xcconfig */ = {isa = PBXFileReference; includeInIndex = 1; lastKnownFileType = text.xcconfig; name = "Pods-SpaceXFan-SpaceXFanUITests.debug.xcconfig"; path = "Target Support Files/Pods-SpaceXFan-SpaceXFanUITests/Pods-SpaceXFan-SpaceXFanUITests.debug.xcconfig"; sourceTree = "<group>"; };
		DEC2D9FE78B9A28FF27EB8D0 /* Pods-SpaceXFanTests.release.xcconfig */ = {isa = PBXFileReference; includeInIndex = 1; lastKnownFileType = text.xcconfig; name = "Pods-SpaceXFanTests.release.xcconfig"; path = "Target Support Files/Pods-SpaceXFanTests/Pods-SpaceXFanTests.release.xcconfig"; sourceTree = "<group>"; };
		F5291CDFF018513EE34BF74E /* Pods_SpaceXFan_SpaceXFanUITests.framework */ = {isa = PBXFileReference; explicitFileType = wrapper.framework; includeInIndex = 0; path = Pods_SpaceXFan_SpaceXFanUITests.framework; sourceTree = BUILT_PRODUCTS_DIR; };
/* End PBXFileReference section */

/* Begin PBXFrameworksBuildPhase section */
		646BCCCE2839BB5B00BD6862 /* Frameworks */ = {
			isa = PBXFrameworksBuildPhase;
			buildActionMask = 2147483647;
			files = (
				AE01B97DB10B86984A09A583 /* Pods_SpaceXFan.framework in Frameworks */,
			);
			runOnlyForDeploymentPostprocessing = 0;
		};
		646BCCE42839BB5D00BD6862 /* Frameworks */ = {
			isa = PBXFrameworksBuildPhase;
			buildActionMask = 2147483647;
			files = (
				F46F7114DE7F789CAE820D41 /* Pods_SpaceXFanTests.framework in Frameworks */,
			);
			runOnlyForDeploymentPostprocessing = 0;
		};
		646BCCEE2839BB5D00BD6862 /* Frameworks */ = {
			isa = PBXFrameworksBuildPhase;
			buildActionMask = 2147483647;
			files = (
				C42DF1B1FB914B0232B1ED5A /* Pods_SpaceXFan_SpaceXFanUITests.framework in Frameworks */,
			);
			runOnlyForDeploymentPostprocessing = 0;
		};
/* End PBXFrameworksBuildPhase section */

/* Begin PBXGroup section */
		64057601283C00B400BD2160 /* DetailCell */ = {
			isa = PBXGroup;
			children = (
				64057602283C00E100BD2160 /* DetailCollectionViewCell.swift */,
				64057603283C00E100BD2160 /* DetailCollectionViewCell.xib */,
			);
			path = DetailCell;
			sourceTree = "<group>";
		};
		64186C63283A67450076399C /* Extensions */ = {
			isa = PBXGroup;
			children = (
				64186C64283A675F0076399C /* UIView+Extension.swift */,
				640575FF283BFFF700BD2160 /* String+Extension.swift */,
			);
			path = Extensions;
			sourceTree = "<group>";
		};
		64186C68283A79740076399C /* LogIn */ = {
			isa = PBXGroup;
			children = (
				645457D8283A38B10034D4A3 /* LogInViewController.swift */,
			);
			path = LogIn;
			sourceTree = "<group>";
		};
		64186C69283A798A0076399C /* SignUp */ = {
			isa = PBXGroup;
			children = (
				64186C6A283A79AA0076399C /* SignUpViewController.swift */,
			);
			path = SignUp;
			sourceTree = "<group>";
		};
		64186C6C283A79B90076399C /* Rockets */ = {
			isa = PBXGroup;
			children = (
				646BCD052839CC6D00BD6862 /* RocketsViewController.swift */,
			);
			path = Rockets;
			sourceTree = "<group>";
		};
		642AC839283B041300B151A6 /* Models */ = {
			isa = PBXGroup;
			children = (
				642AC83A283B042900B151A6 /* User.swift */,
				642AC856283BA75600B151A6 /* Rocket.swift */,
				64057606283C071900BD2160 /* Favorite.swift */,
				64ACAA7D283E5AF600E5900D /* Upcoming.swift */,
			);
			path = Models;
			sourceTree = "<group>";
		};
		642AC83E283B07B900B151A6 /* Network */ = {
			isa = PBXGroup;
			children = (
				642AC83F283B07E900B151A6 /* FirebaseCollectionReference.swift */,
				642AC858283BA97200B151A6 /* NetworkService.swift */,
				64057608283C17D800BD2160 /* Richability.swift */,
				6405760A283C182A00BD2160 /* FirebaseImageDownloader.swift */,
			);
			path = Network;
			sourceTree = "<group>";
		};
		642AC841283B084300B151A6 /* Helpers */ = {
			isa = PBXGroup;
			children = (
				642AC842283B0A8400B151A6 /* Constants.swift */,
			);
			path = Helpers;
			sourceTree = "<group>";
		};
		642AC846283B9DFB00B151A6 /* Custom Views */ = {
			isa = PBXGroup;
			children = (
				645E403D283D81580003DDFA /* EmptyBackground */,
				64057601283C00B400BD2160 /* DetailCell */,
				642AC84C283B9E8600B151A6 /* CardView */,
				642AC84B283B9E3E00B151A6 /* RocketCell */,
			);
			path = "Custom Views";
			sourceTree = "<group>";
		};
		642AC84B283B9E3E00B151A6 /* RocketCell */ = {
			isa = PBXGroup;
			children = (
				642AC84F283BA41700B151A6 /* RocketCollectionViewCell.swift */,
				642AC850283BA41700B151A6 /* RocketCollectionViewCell.xib */,
			);
			path = RocketCell;
			sourceTree = "<group>";
		};
		642AC84C283B9E8600B151A6 /* CardView */ = {
			isa = PBXGroup;
			children = (
				642AC84D283B9E9900B151A6 /* CardView.swift */,
			);
			path = CardView;
			sourceTree = "<group>";
		};
		642AC853283BA65200B151A6 /* DetailRocket */ = {
			isa = PBXGroup;
			children = (
				642AC854283BA69C00B151A6 /* DetailRocketViewController.swift */,
			);
			path = DetailRocket;
			sourceTree = "<group>";
		};
		645457DE283A425B0034D4A3 /* Protocols */ = {
			isa = PBXGroup;
			children = (
				645457DF283A45370034D4A3 /* BackgroundImageProtocol.swift */,
				64186C6D283A7A1F0076399C /* ProgressBarProtocol.swift */,
				64DC7B25283AE969000C2B03 /* AlertViewProtocol.swift */,
			);
			path = Protocols;
			sourceTree = "<group>";
		};
		645E403A283D5DAD0003DDFA /* DetailFavorite */ = {
			isa = PBXGroup;
			children = (
				645E403B283D5DEE0003DDFA /* DetailFavoriteViewController.swift */,
			);
			path = DetailFavorite;
			sourceTree = "<group>";
		};
		645E403D283D81580003DDFA /* EmptyBackground */ = {
			isa = PBXGroup;
			children = (
				645E4040283D81A50003DDFA /* EmptyBackgroundView.xib */,
				64ACAA7B283E46BA00E5900D /* EmptyBackgroundView.swift */,
			);
			path = EmptyBackground;
			sourceTree = "<group>";
		};
		646BCCC82839BB5B00BD6862 = {
			isa = PBXGroup;
			children = (
				646BCCD32839BB5B00BD6862 /* SpaceXFan */,
				646BCCEA2839BB5D00BD6862 /* SpaceXFanTests */,
				646BCCF42839BB5D00BD6862 /* SpaceXFanUITests */,
				646BCCD22839BB5B00BD6862 /* Products */,
				9BC20A27D9173D530BEB77C6 /* Pods */,
				934CB10E501C7A1AEA36B40F /* Frameworks */,
			);
			sourceTree = "<group>";
		};
		646BCCD22839BB5B00BD6862 /* Products */ = {
			isa = PBXGroup;
			children = (
				646BCCD12839BB5B00BD6862 /* SpaceXFan.app */,
				646BCCE72839BB5D00BD6862 /* SpaceXFanTests.xctest */,
				646BCCF12839BB5D00BD6862 /* SpaceXFanUITests.xctest */,
			);
			name = Products;
			sourceTree = "<group>";
		};
		646BCCD32839BB5B00BD6862 /* SpaceXFan */ = {
			isa = PBXGroup;
			children = (
				642AC83C283B05C900B151A6 /* GoogleService-Info.plist */,
				642AC839283B041300B151A6 /* Models */,
				642AC846283B9DFB00B151A6 /* Custom Views */,
				646BCD042839CC3C00BD6862 /* Controllers */,
				645457DE283A425B0034D4A3 /* Protocols */,
				64186C63283A67450076399C /* Extensions */,
				642AC83E283B07B900B151A6 /* Network */,
				642AC841283B084300B151A6 /* Helpers */,
				646BCCD42839BB5B00BD6862 /* AppDelegate.swift */,
				646BCCD62839BB5B00BD6862 /* SceneDelegate.swift */,
				646BCCDA2839BB5B00BD6862 /* Main.storyboard */,
				646BCCDD2839BB5D00BD6862 /* Assets.xcassets */,
				64ACAAC1283EBC3200E5900D /* color.xcassets */,
				646BCCDF2839BB5D00BD6862 /* LaunchScreen.storyboard */,
				646BCCE22839BB5D00BD6862 /* Info.plist */,
			);
			path = SpaceXFan;
			sourceTree = "<group>";
		};
		646BCCEA2839BB5D00BD6862 /* SpaceXFanTests */ = {
			isa = PBXGroup;
			children = (
				646BCCEB2839BB5D00BD6862 /* SpaceXFanTests.swift */,
			);
			path = SpaceXFanTests;
			sourceTree = "<group>";
		};
		646BCCF42839BB5D00BD6862 /* SpaceXFanUITests */ = {
			isa = PBXGroup;
			children = (
				646BCCF52839BB5D00BD6862 /* SpaceXFanUITests.swift */,
				646BCCF72839BB5D00BD6862 /* SpaceXFanUITestsLaunchTests.swift */,
			);
			path = SpaceXFanUITests;
			sourceTree = "<group>";
		};
		646BCD042839CC3C00BD6862 /* Controllers */ = {
			isa = PBXGroup;
			children = (
				64186C68283A79740076399C /* LogIn */,
				64186C69283A798A0076399C /* SignUp */,
				64D99496283AA3C800DA9C02 /* Privacy */,
				64D99495283A9D9000DA9C02 /* Activation */,
				64D9949B283AB56400DA9C02 /* AccountCreated */,
				64186C6C283A79B90076399C /* Rockets */,
				642AC853283BA65200B151A6 /* DetailRocket */,
				64AB2B11283C2BE000069866 /* Favorites */,
				645E403A283D5DAD0003DDFA /* DetailFavorite */,
			);
			path = Controllers;
			sourceTree = "<group>";
		};
		64AB2B11283C2BE000069866 /* Favorites */ = {
			isa = PBXGroup;
			children = (
				64AB2B12283C2BF800069866 /* FavoritesViewController.swift */,
			);
			path = Favorites;
			sourceTree = "<group>";
		};
		64D99495283A9D9000DA9C02 /* Activation */ = {
			isa = PBXGroup;
			children = (
				64D99493283A9D8800DA9C02 /* ActivationViewController.swift */,
			);
			path = Activation;
			sourceTree = "<group>";
		};
		64D99496283AA3C800DA9C02 /* Privacy */ = {
			isa = PBXGroup;
			children = (
				64D99497283AA3E100DA9C02 /* PrivacyViewController.swift */,
			);
			path = Privacy;
			sourceTree = "<group>";
		};
		64D9949B283AB56400DA9C02 /* AccountCreated */ = {
			isa = PBXGroup;
			children = (
				64D99499283AB55700DA9C02 /* AccountCreatedViewController.swift */,
			);
			path = AccountCreated;
			sourceTree = "<group>";
		};
		934CB10E501C7A1AEA36B40F /* Frameworks */ = {
			isa = PBXGroup;
			children = (
				4CA0D207CC3B5EA34BC7A11F /* Pods_SpaceXFan.framework */,
				F5291CDFF018513EE34BF74E /* Pods_SpaceXFan_SpaceXFanUITests.framework */,
				8DCBB798F2A5731A7075C122 /* Pods_SpaceXFanTests.framework */,
			);
			name = Frameworks;
			sourceTree = "<group>";
		};
		9BC20A27D9173D530BEB77C6 /* Pods */ = {
			isa = PBXGroup;
			children = (
				22A1B0E09A401548C47EB191 /* Pods-SpaceXFan.debug.xcconfig */,
				52C60583D96E2950AD3FA8CC /* Pods-SpaceXFan.release.xcconfig */,
				AC97AAE693964E6D1022F51E /* Pods-SpaceXFan-SpaceXFanUITests.debug.xcconfig */,
				2B9933C1C8DA93585F9237EB /* Pods-SpaceXFan-SpaceXFanUITests.release.xcconfig */,
				3AD6DBEB9111022291889553 /* Pods-SpaceXFanTests.debug.xcconfig */,
				DEC2D9FE78B9A28FF27EB8D0 /* Pods-SpaceXFanTests.release.xcconfig */,
			);
			path = Pods;
			sourceTree = "<group>";
		};
/* End PBXGroup section */

/* Begin PBXNativeTarget section */
		646BCCD02839BB5B00BD6862 /* SpaceXFan */ = {
			isa = PBXNativeTarget;
			buildConfigurationList = 646BCCFB2839BB5D00BD6862 /* Build configuration list for PBXNativeTarget "SpaceXFan" */;
			buildPhases = (
				7D3D3CFEE0404C74D78EDDD8 /* [CP] Check Pods Manifest.lock */,
				646BCCCD2839BB5B00BD6862 /* Sources */,
				646BCCCE2839BB5B00BD6862 /* Frameworks */,
				646BCCCF2839BB5B00BD6862 /* Resources */,
				8255EF23F32221E825B64FB6 /* [CP] Embed Pods Frameworks */,
			);
			buildRules = (
			);
			dependencies = (
			);
			name = SpaceXFan;
			productName = SpaceXFan;
			productReference = 646BCCD12839BB5B00BD6862 /* SpaceXFan.app */;
			productType = "com.apple.product-type.application";
		};
		646BCCE62839BB5D00BD6862 /* SpaceXFanTests */ = {
			isa = PBXNativeTarget;
			buildConfigurationList = 646BCCFE2839BB5D00BD6862 /* Build configuration list for PBXNativeTarget "SpaceXFanTests" */;
			buildPhases = (
				1979888D026D26D3E41D19C0 /* [CP] Check Pods Manifest.lock */,
				646BCCE32839BB5D00BD6862 /* Sources */,
				646BCCE42839BB5D00BD6862 /* Frameworks */,
				646BCCE52839BB5D00BD6862 /* Resources */,
			);
			buildRules = (
			);
			dependencies = (
				646BCCE92839BB5D00BD6862 /* PBXTargetDependency */,
			);
			name = SpaceXFanTests;
			productName = SpaceXFanTests;
			productReference = 646BCCE72839BB5D00BD6862 /* SpaceXFanTests.xctest */;
			productType = "com.apple.product-type.bundle.unit-test";
		};
		646BCCF02839BB5D00BD6862 /* SpaceXFanUITests */ = {
			isa = PBXNativeTarget;
			buildConfigurationList = 646BCD012839BB5D00BD6862 /* Build configuration list for PBXNativeTarget "SpaceXFanUITests" */;
			buildPhases = (
				AA81B8E4AB3372280938B361 /* [CP] Check Pods Manifest.lock */,
				646BCCED2839BB5D00BD6862 /* Sources */,
				646BCCEE2839BB5D00BD6862 /* Frameworks */,
				646BCCEF2839BB5D00BD6862 /* Resources */,
				3D549381440D171859BACA1D /* [CP] Embed Pods Frameworks */,
			);
			buildRules = (
			);
			dependencies = (
				646BCCF32839BB5D00BD6862 /* PBXTargetDependency */,
			);
			name = SpaceXFanUITests;
			productName = SpaceXFanUITests;
			productReference = 646BCCF12839BB5D00BD6862 /* SpaceXFanUITests.xctest */;
			productType = "com.apple.product-type.bundle.ui-testing";
		};
/* End PBXNativeTarget section */

/* Begin PBXProject section */
		646BCCC92839BB5B00BD6862 /* Project object */ = {
			isa = PBXProject;
			attributes = {
				BuildIndependentTargetsInParallel = 1;
				LastSwiftUpdateCheck = 1320;
				LastUpgradeCheck = 1320;
				TargetAttributes = {
					646BCCD02839BB5B00BD6862 = {
						CreatedOnToolsVersion = 13.2;
					};
					646BCCE62839BB5D00BD6862 = {
						CreatedOnToolsVersion = 13.2;
						TestTargetID = 646BCCD02839BB5B00BD6862;
					};
					646BCCF02839BB5D00BD6862 = {
						CreatedOnToolsVersion = 13.2;
						TestTargetID = 646BCCD02839BB5B00BD6862;
					};
				};
			};
			buildConfigurationList = 646BCCCC2839BB5B00BD6862 /* Build configuration list for PBXProject "SpaceXFan" */;
			compatibilityVersion = "Xcode 13.0";
			developmentRegion = en;
			hasScannedForEncodings = 0;
			knownRegions = (
				en,
				Base,
			);
			mainGroup = 646BCCC82839BB5B00BD6862;
			productRefGroup = 646BCCD22839BB5B00BD6862 /* Products */;
			projectDirPath = "";
			projectRoot = "";
			targets = (
				646BCCD02839BB5B00BD6862 /* SpaceXFan */,
				646BCCE62839BB5D00BD6862 /* SpaceXFanTests */,
				646BCCF02839BB5D00BD6862 /* SpaceXFanUITests */,
			);
		};
/* End PBXProject section */

/* Begin PBXResourcesBuildPhase section */
		646BCCCF2839BB5B00BD6862 /* Resources */ = {
			isa = PBXResourcesBuildPhase;
			buildActionMask = 2147483647;
			files = (
				646BCCE12839BB5D00BD6862 /* LaunchScreen.storyboard in Resources */,
				64ACAAC2283EBC3200E5900D /* color.xcassets in Resources */,
				64057605283C00E100BD2160 /* DetailCollectionViewCell.xib in Resources */,
				645E4041283D81A50003DDFA /* EmptyBackgroundView.xib in Resources */,
				646BCCDE2839BB5D00BD6862 /* Assets.xcassets in Resources */,
				642AC852283BA41700B151A6 /* RocketCollectionViewCell.xib in Resources */,
				642AC83D283B05C900B151A6 /* GoogleService-Info.plist in Resources */,
				646BCCDC2839BB5B00BD6862 /* Main.storyboard in Resources */,
			);
			runOnlyForDeploymentPostprocessing = 0;
		};
		646BCCE52839BB5D00BD6862 /* Resources */ = {
			isa = PBXResourcesBuildPhase;
			buildActionMask = 2147483647;
			files = (
			);
			runOnlyForDeploymentPostprocessing = 0;
		};
		646BCCEF2839BB5D00BD6862 /* Resources */ = {
			isa = PBXResourcesBuildPhase;
			buildActionMask = 2147483647;
			files = (
			);
			runOnlyForDeploymentPostprocessing = 0;
		};
/* End PBXResourcesBuildPhase section */

/* Begin PBXShellScriptBuildPhase section */
		1979888D026D26D3E41D19C0 /* [CP] Check Pods Manifest.lock */ = {
			isa = PBXShellScriptBuildPhase;
			buildActionMask = 2147483647;
			files = (
			);
			inputFileListPaths = (
			);
			inputPaths = (
				"${PODS_PODFILE_DIR_PATH}/Podfile.lock",
				"${PODS_ROOT}/Manifest.lock",
			);
			name = "[CP] Check Pods Manifest.lock";
			outputFileListPaths = (
			);
			outputPaths = (
				"$(DERIVED_FILE_DIR)/Pods-SpaceXFanTests-checkManifestLockResult.txt",
			);
			runOnlyForDeploymentPostprocessing = 0;
			shellPath = /bin/sh;
			shellScript = "diff \"${PODS_PODFILE_DIR_PATH}/Podfile.lock\" \"${PODS_ROOT}/Manifest.lock\" > /dev/null\nif [ $? != 0 ] ; then\n    # print error to STDERR\n    echo \"error: The sandbox is not in sync with the Podfile.lock. Run 'pod install' or update your CocoaPods installation.\" >&2\n    exit 1\nfi\n# This output is used by Xcode 'outputs' to avoid re-running this script phase.\necho \"SUCCESS\" > \"${SCRIPT_OUTPUT_FILE_0}\"\n";
			showEnvVarsInLog = 0;
		};
		3D549381440D171859BACA1D /* [CP] Embed Pods Frameworks */ = {
			isa = PBXShellScriptBuildPhase;
			buildActionMask = 2147483647;
			files = (
			);
			inputFileListPaths = (
				"${PODS_ROOT}/Target Support Files/Pods-SpaceXFan-SpaceXFanUITests/Pods-SpaceXFan-SpaceXFanUITests-frameworks-${CONFIGURATION}-input-files.xcfilelist",
			);
			name = "[CP] Embed Pods Frameworks";
			outputFileListPaths = (
				"${PODS_ROOT}/Target Support Files/Pods-SpaceXFan-SpaceXFanUITests/Pods-SpaceXFan-SpaceXFanUITests-frameworks-${CONFIGURATION}-output-files.xcfilelist",
			);
			runOnlyForDeploymentPostprocessing = 0;
			shellPath = /bin/sh;
			shellScript = "\"${PODS_ROOT}/Target Support Files/Pods-SpaceXFan-SpaceXFanUITests/Pods-SpaceXFan-SpaceXFanUITests-frameworks.sh\"\n";
			showEnvVarsInLog = 0;
		};
		7D3D3CFEE0404C74D78EDDD8 /* [CP] Check Pods Manifest.lock */ = {
			isa = PBXShellScriptBuildPhase;
			buildActionMask = 2147483647;
			files = (
			);
			inputFileListPaths = (
			);
			inputPaths = (
				"${PODS_PODFILE_DIR_PATH}/Podfile.lock",
				"${PODS_ROOT}/Manifest.lock",
			);
			name = "[CP] Check Pods Manifest.lock";
			outputFileListPaths = (
			);
			outputPaths = (
				"$(DERIVED_FILE_DIR)/Pods-SpaceXFan-checkManifestLockResult.txt",
			);
			runOnlyForDeploymentPostprocessing = 0;
			shellPath = /bin/sh;
			shellScript = "diff \"${PODS_PODFILE_DIR_PATH}/Podfile.lock\" \"${PODS_ROOT}/Manifest.lock\" > /dev/null\nif [ $? != 0 ] ; then\n    # print error to STDERR\n    echo \"error: The sandbox is not in sync with the Podfile.lock. Run 'pod install' or update your CocoaPods installation.\" >&2\n    exit 1\nfi\n# This output is used by Xcode 'outputs' to avoid re-running this script phase.\necho \"SUCCESS\" > \"${SCRIPT_OUTPUT_FILE_0}\"\n";
			showEnvVarsInLog = 0;
		};
		8255EF23F32221E825B64FB6 /* [CP] Embed Pods Frameworks */ = {
			isa = PBXShellScriptBuildPhase;
			buildActionMask = 2147483647;
			files = (
			);
			inputFileListPaths = (
				"${PODS_ROOT}/Target Support Files/Pods-SpaceXFan/Pods-SpaceXFan-frameworks-${CONFIGURATION}-input-files.xcfilelist",
			);
			name = "[CP] Embed Pods Frameworks";
			outputFileListPaths = (
				"${PODS_ROOT}/Target Support Files/Pods-SpaceXFan/Pods-SpaceXFan-frameworks-${CONFIGURATION}-output-files.xcfilelist",
			);
			runOnlyForDeploymentPostprocessing = 0;
			shellPath = /bin/sh;
			shellScript = "\"${PODS_ROOT}/Target Support Files/Pods-SpaceXFan/Pods-SpaceXFan-frameworks.sh\"\n";
			showEnvVarsInLog = 0;
		};
		AA81B8E4AB3372280938B361 /* [CP] Check Pods Manifest.lock */ = {
			isa = PBXShellScriptBuildPhase;
			buildActionMask = 2147483647;
			files = (
			);
			inputFileListPaths = (
			);
			inputPaths = (
				"${PODS_PODFILE_DIR_PATH}/Podfile.lock",
				"${PODS_ROOT}/Manifest.lock",
			);
			name = "[CP] Check Pods Manifest.lock";
			outputFileListPaths = (
			);
			outputPaths = (
				"$(DERIVED_FILE_DIR)/Pods-SpaceXFan-SpaceXFanUITests-checkManifestLockResult.txt",
			);
			runOnlyForDeploymentPostprocessing = 0;
			shellPath = /bin/sh;
			shellScript = "diff \"${PODS_PODFILE_DIR_PATH}/Podfile.lock\" \"${PODS_ROOT}/Manifest.lock\" > /dev/null\nif [ $? != 0 ] ; then\n    # print error to STDERR\n    echo \"error: The sandbox is not in sync with the Podfile.lock. Run 'pod install' or update your CocoaPods installation.\" >&2\n    exit 1\nfi\n# This output is used by Xcode 'outputs' to avoid re-running this script phase.\necho \"SUCCESS\" > \"${SCRIPT_OUTPUT_FILE_0}\"\n";
			showEnvVarsInLog = 0;
		};
/* End PBXShellScriptBuildPhase section */

/* Begin PBXSourcesBuildPhase section */
		646BCCCD2839BB5B00BD6862 /* Sources */ = {
			isa = PBXSourcesBuildPhase;
			buildActionMask = 2147483647;
			files = (
				64AB2B13283C2BF800069866 /* FavoritesViewController.swift in Sources */,
				642AC851283BA41700B151A6 /* RocketCollectionViewCell.swift in Sources */,
				64057600283BFFF700BD2160 /* String+Extension.swift in Sources */,
				642AC83B283B042900B151A6 /* User.swift in Sources */,
				64186C6E283A7A1F0076399C /* ProgressBarProtocol.swift in Sources */,
				64186C65283A675F0076399C /* UIView+Extension.swift in Sources */,
				64D99494283A9D8800DA9C02 /* ActivationViewController.swift in Sources */,
				64186C6B283A79AA0076399C /* SignUpViewController.swift in Sources */,
				6405760B283C182A00BD2160 /* FirebaseImageDownloader.swift in Sources */,
				642AC843283B0A8400B151A6 /* Constants.swift in Sources */,
				64ACAA7E283E5AF600E5900D /* Upcoming.swift in Sources */,
				645457D9283A38B10034D4A3 /* LogInViewController.swift in Sources */,
				646BCD062839CC6D00BD6862 /* RocketsViewController.swift in Sources */,
				64057607283C071900BD2160 /* Favorite.swift in Sources */,
				646BCCD52839BB5B00BD6862 /* AppDelegate.swift in Sources */,
				64ACAA7C283E46BA00E5900D /* EmptyBackgroundView.swift in Sources */,
				64057604283C00E100BD2160 /* DetailCollectionViewCell.swift in Sources */,
				642AC859283BA97200B151A6 /* NetworkService.swift in Sources */,
				642AC857283BA75600B151A6 /* Rocket.swift in Sources */,
				642AC840283B07E900B151A6 /* FirebaseCollectionReference.swift in Sources */,
				645E403C283D5DEE0003DDFA /* DetailFavoriteViewController.swift in Sources */,
				64057609283C17D800BD2160 /* Richability.swift in Sources */,
				64DC7B26283AE969000C2B03 /* AlertViewProtocol.swift in Sources */,
				64D99498283AA3E100DA9C02 /* PrivacyViewController.swift in Sources */,
				645457E0283A45370034D4A3 /* BackgroundImageProtocol.swift in Sources */,
				646BCCD72839BB5B00BD6862 /* SceneDelegate.swift in Sources */,
				642AC84E283B9E9900B151A6 /* CardView.swift in Sources */,
				642AC855283BA69C00B151A6 /* DetailRocketViewController.swift in Sources */,
				64D9949A283AB55700DA9C02 /* AccountCreatedViewController.swift in Sources */,
			);
			runOnlyForDeploymentPostprocessing = 0;
		};
		646BCCE32839BB5D00BD6862 /* Sources */ = {
			isa = PBXSourcesBuildPhase;
			buildActionMask = 2147483647;
			files = (
				646BCCEC2839BB5D00BD6862 /* SpaceXFanTests.swift in Sources */,
			);
			runOnlyForDeploymentPostprocessing = 0;
		};
		646BCCED2839BB5D00BD6862 /* Sources */ = {
			isa = PBXSourcesBuildPhase;
			buildActionMask = 2147483647;
			files = (
				646BCCF82839BB5D00BD6862 /* SpaceXFanUITestsLaunchTests.swift in Sources */,
				646BCCF62839BB5D00BD6862 /* SpaceXFanUITests.swift in Sources */,
			);
			runOnlyForDeploymentPostprocessing = 0;
		};
/* End PBXSourcesBuildPhase section */

/* Begin PBXTargetDependency section */
		646BCCE92839BB5D00BD6862 /* PBXTargetDependency */ = {
			isa = PBXTargetDependency;
			target = 646BCCD02839BB5B00BD6862 /* SpaceXFan */;
			targetProxy = 646BCCE82839BB5D00BD6862 /* PBXContainerItemProxy */;
		};
		646BCCF32839BB5D00BD6862 /* PBXTargetDependency */ = {
			isa = PBXTargetDependency;
			target = 646BCCD02839BB5B00BD6862 /* SpaceXFan */;
			targetProxy = 646BCCF22839BB5D00BD6862 /* PBXContainerItemProxy */;
		};
/* End PBXTargetDependency section */

/* Begin PBXVariantGroup section */
		646BCCDA2839BB5B00BD6862 /* Main.storyboard */ = {
			isa = PBXVariantGroup;
			children = (
				646BCCDB2839BB5B00BD6862 /* Base */,
			);
			name = Main.storyboard;
			sourceTree = "<group>";
		};
		646BCCDF2839BB5D00BD6862 /* LaunchScreen.storyboard */ = {
			isa = PBXVariantGroup;
			children = (
				646BCCE02839BB5D00BD6862 /* Base */,
			);
			name = LaunchScreen.storyboard;
			sourceTree = "<group>";
		};
/* End PBXVariantGroup section */

/* Begin XCBuildConfiguration section */
		646BCCF92839BB5D00BD6862 /* Debug */ = {
			isa = XCBuildConfiguration;
			buildSettings = {
				ALWAYS_SEARCH_USER_PATHS = NO;
				CLANG_ANALYZER_NONNULL = YES;
				CLANG_ANALYZER_NUMBER_OBJECT_CONVERSION = YES_AGGRESSIVE;
				CLANG_CXX_LANGUAGE_STANDARD = "gnu++17";
				CLANG_CXX_LIBRARY = "libc++";
				CLANG_ENABLE_MODULES = YES;
				CLANG_ENABLE_OBJC_ARC = YES;
				CLANG_ENABLE_OBJC_WEAK = YES;
				CLANG_WARN_BLOCK_CAPTURE_AUTORELEASING = YES;
				CLANG_WARN_BOOL_CONVERSION = YES;
				CLANG_WARN_COMMA = YES;
				CLANG_WARN_CONSTANT_CONVERSION = YES;
				CLANG_WARN_DEPRECATED_OBJC_IMPLEMENTATIONS = YES;
				CLANG_WARN_DIRECT_OBJC_ISA_USAGE = YES_ERROR;
				CLANG_WARN_DOCUMENTATION_COMMENTS = YES;
				CLANG_WARN_EMPTY_BODY = YES;
				CLANG_WARN_ENUM_CONVERSION = YES;
				CLANG_WARN_INFINITE_RECURSION = YES;
				CLANG_WARN_INT_CONVERSION = YES;
				CLANG_WARN_NON_LITERAL_NULL_CONVERSION = YES;
				CLANG_WARN_OBJC_IMPLICIT_RETAIN_SELF = YES;
				CLANG_WARN_OBJC_LITERAL_CONVERSION = YES;
				CLANG_WARN_OBJC_ROOT_CLASS = YES_ERROR;
				CLANG_WARN_QUOTED_INCLUDE_IN_FRAMEWORK_HEADER = YES;
				CLANG_WARN_RANGE_LOOP_ANALYSIS = YES;
				CLANG_WARN_STRICT_PROTOTYPES = YES;
				CLANG_WARN_SUSPICIOUS_MOVE = YES;
				CLANG_WARN_UNGUARDED_AVAILABILITY = YES_AGGRESSIVE;
				CLANG_WARN_UNREACHABLE_CODE = YES;
				CLANG_WARN__DUPLICATE_METHOD_MATCH = YES;
				COPY_PHASE_STRIP = NO;
				DEBUG_INFORMATION_FORMAT = dwarf;
				ENABLE_STRICT_OBJC_MSGSEND = YES;
				ENABLE_TESTABILITY = YES;
				GCC_C_LANGUAGE_STANDARD = gnu11;
				GCC_DYNAMIC_NO_PIC = NO;
				GCC_NO_COMMON_BLOCKS = YES;
				GCC_OPTIMIZATION_LEVEL = 0;
				GCC_PREPROCESSOR_DEFINITIONS = (
					"DEBUG=1",
					"$(inherited)",
				);
				GCC_WARN_64_TO_32_BIT_CONVERSION = YES;
				GCC_WARN_ABOUT_RETURN_TYPE = YES_ERROR;
				GCC_WARN_UNDECLARED_SELECTOR = YES;
				GCC_WARN_UNINITIALIZED_AUTOS = YES_AGGRESSIVE;
				GCC_WARN_UNUSED_FUNCTION = YES;
				GCC_WARN_UNUSED_VARIABLE = YES;
				IPHONEOS_DEPLOYMENT_TARGET = 15.2;
				MTL_ENABLE_DEBUG_INFO = INCLUDE_SOURCE;
				MTL_FAST_MATH = YES;
				ONLY_ACTIVE_ARCH = YES;
				SDKROOT = iphoneos;
				SWIFT_ACTIVE_COMPILATION_CONDITIONS = DEBUG;
				SWIFT_OPTIMIZATION_LEVEL = "-Onone";
			};
			name = Debug;
		};
		646BCCFA2839BB5D00BD6862 /* Release */ = {
			isa = XCBuildConfiguration;
			buildSettings = {
				ALWAYS_SEARCH_USER_PATHS = NO;
				CLANG_ANALYZER_NONNULL = YES;
				CLANG_ANALYZER_NUMBER_OBJECT_CONVERSION = YES_AGGRESSIVE;
				CLANG_CXX_LANGUAGE_STANDARD = "gnu++17";
				CLANG_CXX_LIBRARY = "libc++";
				CLANG_ENABLE_MODULES = YES;
				CLANG_ENABLE_OBJC_ARC = YES;
				CLANG_ENABLE_OBJC_WEAK = YES;
				CLANG_WARN_BLOCK_CAPTURE_AUTORELEASING = YES;
				CLANG_WARN_BOOL_CONVERSION = YES;
				CLANG_WARN_COMMA = YES;
				CLANG_WARN_CONSTANT_CONVERSION = YES;
				CLANG_WARN_DEPRECATED_OBJC_IMPLEMENTATIONS = YES;
				CLANG_WARN_DIRECT_OBJC_ISA_USAGE = YES_ERROR;
				CLANG_WARN_DOCUMENTATION_COMMENTS = YES;
				CLANG_WARN_EMPTY_BODY = YES;
				CLANG_WARN_ENUM_CONVERSION = YES;
				CLANG_WARN_INFINITE_RECURSION = YES;
				CLANG_WARN_INT_CONVERSION = YES;
				CLANG_WARN_NON_LITERAL_NULL_CONVERSION = YES;
				CLANG_WARN_OBJC_IMPLICIT_RETAIN_SELF = YES;
				CLANG_WARN_OBJC_LITERAL_CONVERSION = YES;
				CLANG_WARN_OBJC_ROOT_CLASS = YES_ERROR;
				CLANG_WARN_QUOTED_INCLUDE_IN_FRAMEWORK_HEADER = YES;
				CLANG_WARN_RANGE_LOOP_ANALYSIS = YES;
				CLANG_WARN_STRICT_PROTOTYPES = YES;
				CLANG_WARN_SUSPICIOUS_MOVE = YES;
				CLANG_WARN_UNGUARDED_AVAILABILITY = YES_AGGRESSIVE;
				CLANG_WARN_UNREACHABLE_CODE = YES;
				CLANG_WARN__DUPLICATE_METHOD_MATCH = YES;
				COPY_PHASE_STRIP = NO;
				DEBUG_INFORMATION_FORMAT = "dwarf-with-dsym";
				ENABLE_NS_ASSERTIONS = NO;
				ENABLE_STRICT_OBJC_MSGSEND = YES;
				GCC_C_LANGUAGE_STANDARD = gnu11;
				GCC_NO_COMMON_BLOCKS = YES;
				GCC_WARN_64_TO_32_BIT_CONVERSION = YES;
				GCC_WARN_ABOUT_RETURN_TYPE = YES_ERROR;
				GCC_WARN_UNDECLARED_SELECTOR = YES;
				GCC_WARN_UNINITIALIZED_AUTOS = YES_AGGRESSIVE;
				GCC_WARN_UNUSED_FUNCTION = YES;
				GCC_WARN_UNUSED_VARIABLE = YES;
				IPHONEOS_DEPLOYMENT_TARGET = 15.2;
				MTL_ENABLE_DEBUG_INFO = NO;
				MTL_FAST_MATH = YES;
				SDKROOT = iphoneos;
				SWIFT_COMPILATION_MODE = wholemodule;
				SWIFT_OPTIMIZATION_LEVEL = "-O";
				VALIDATE_PRODUCT = YES;
			};
			name = Release;
		};
		646BCCFC2839BB5D00BD6862 /* Debug */ = {
			isa = XCBuildConfiguration;
			baseConfigurationReference = 22A1B0E09A401548C47EB191 /* Pods-SpaceXFan.debug.xcconfig */;
			buildSettings = {
				ASSETCATALOG_COMPILER_APPICON_NAME = AppIcon;
				ASSETCATALOG_COMPILER_GLOBAL_ACCENT_COLOR_NAME = AccentColor;
				CODE_SIGN_STYLE = Automatic;
				CURRENT_PROJECT_VERSION = 1;
				DEVELOPMENT_TEAM = B3H6X5FVJQ;
				GENERATE_INFOPLIST_FILE = YES;
				INFOPLIST_FILE = SpaceXFan/Info.plist;
				INFOPLIST_KEY_UIApplicationSupportsIndirectInputEvents = YES;
				INFOPLIST_KEY_UILaunchStoryboardName = LaunchScreen;
				INFOPLIST_KEY_UIMainStoryboardFile = Main;
				INFOPLIST_KEY_UISupportedInterfaceOrientations_iPad = "UIInterfaceOrientationPortrait UIInterfaceOrientationPortraitUpsideDown UIInterfaceOrientationLandscapeLeft UIInterfaceOrientationLandscapeRight";
				INFOPLIST_KEY_UISupportedInterfaceOrientations_iPhone = "UIInterfaceOrientationPortrait UIInterfaceOrientationLandscapeLeft UIInterfaceOrientationLandscapeRight";
				LD_RUNPATH_SEARCH_PATHS = (
					"$(inherited)",
					"@executable_path/Frameworks",
				);
				MARKETING_VERSION = 1.0;
				PRODUCT_BUNDLE_IDENTIFIER = info.SpaceXFan;
				PRODUCT_NAME = "$(TARGET_NAME)";
				SWIFT_EMIT_LOC_STRINGS = YES;
				SWIFT_VERSION = 5.0;
				TARGETED_DEVICE_FAMILY = "1,2";
			};
			name = Debug;
		};
		646BCCFD2839BB5D00BD6862 /* Release */ = {
			isa = XCBuildConfiguration;
			baseConfigurationReference = 52C60583D96E2950AD3FA8CC /* Pods-SpaceXFan.release.xcconfig */;
			buildSettings = {
				ASSETCATALOG_COMPILER_APPICON_NAME = AppIcon;
				ASSETCATALOG_COMPILER_GLOBAL_ACCENT_COLOR_NAME = AccentColor;
				CODE_SIGN_STYLE = Automatic;
				CURRENT_PROJECT_VERSION = 1;
				DEVELOPMENT_TEAM = B3H6X5FVJQ;
				GENERATE_INFOPLIST_FILE = YES;
				INFOPLIST_FILE = SpaceXFan/Info.plist;
				INFOPLIST_KEY_UIApplicationSupportsIndirectInputEvents = YES;
				INFOPLIST_KEY_UILaunchStoryboardName = LaunchScreen;
				INFOPLIST_KEY_UIMainStoryboardFile = Main;
				INFOPLIST_KEY_UISupportedInterfaceOrientations_iPad = "UIInterfaceOrientationPortrait UIInterfaceOrientationPortraitUpsideDown UIInterfaceOrientationLandscapeLeft UIInterfaceOrientationLandscapeRight";
				INFOPLIST_KEY_UISupportedInterfaceOrientations_iPhone = "UIInterfaceOrientationPortrait UIInterfaceOrientationLandscapeLeft UIInterfaceOrientationLandscapeRight";
				LD_RUNPATH_SEARCH_PATHS = (
					"$(inherited)",
					"@executable_path/Frameworks",
				);
				MARKETING_VERSION = 1.0;
				PRODUCT_BUNDLE_IDENTIFIER = info.SpaceXFan;
				PRODUCT_NAME = "$(TARGET_NAME)";
				SWIFT_EMIT_LOC_STRINGS = YES;
				SWIFT_VERSION = 5.0;
				TARGETED_DEVICE_FAMILY = "1,2";
			};
			name = Release;
		};
		646BCCFF2839BB5D00BD6862 /* Debug */ = {
			isa = XCBuildConfiguration;
			baseConfigurationReference = 3AD6DBEB9111022291889553 /* Pods-SpaceXFanTests.debug.xcconfig */;
			buildSettings = {
				ALWAYS_EMBED_SWIFT_STANDARD_LIBRARIES = YES;
				BUNDLE_LOADER = "$(TEST_HOST)";
				CODE_SIGN_STYLE = Automatic;
				CURRENT_PROJECT_VERSION = 1;
				DEVELOPMENT_TEAM = B3H6X5FVJQ;
				GENERATE_INFOPLIST_FILE = YES;
				IPHONEOS_DEPLOYMENT_TARGET = 15.2;
				MARKETING_VERSION = 1.0;
				PRODUCT_BUNDLE_IDENTIFIER = info.SpaceXFanTests;
				PRODUCT_NAME = "$(TARGET_NAME)";
				SWIFT_EMIT_LOC_STRINGS = NO;
				SWIFT_VERSION = 5.0;
				TARGETED_DEVICE_FAMILY = "1,2";
				TEST_HOST = "$(BUILT_PRODUCTS_DIR)/SpaceXFan.app/SpaceXFan";
			};
			name = Debug;
		};
		646BCD002839BB5D00BD6862 /* Release */ = {
			isa = XCBuildConfiguration;
			baseConfigurationReference = DEC2D9FE78B9A28FF27EB8D0 /* Pods-SpaceXFanTests.release.xcconfig */;
			buildSettings = {
				ALWAYS_EMBED_SWIFT_STANDARD_LIBRARIES = YES;
				BUNDLE_LOADER = "$(TEST_HOST)";
				CODE_SIGN_STYLE = Automatic;
				CURRENT_PROJECT_VERSION = 1;
				DEVELOPMENT_TEAM = B3H6X5FVJQ;
				GENERATE_INFOPLIST_FILE = YES;
				IPHONEOS_DEPLOYMENT_TARGET = 15.2;
				MARKETING_VERSION = 1.0;
				PRODUCT_BUNDLE_IDENTIFIER = info.SpaceXFanTests;
				PRODUCT_NAME = "$(TARGET_NAME)";
				SWIFT_EMIT_LOC_STRINGS = NO;
				SWIFT_VERSION = 5.0;
				TARGETED_DEVICE_FAMILY = "1,2";
				TEST_HOST = "$(BUILT_PRODUCTS_DIR)/SpaceXFan.app/SpaceXFan";
			};
			name = Release;
		};
		646BCD022839BB5D00BD6862 /* Debug */ = {
			isa = XCBuildConfiguration;
			baseConfigurationReference = AC97AAE693964E6D1022F51E /* Pods-SpaceXFan-SpaceXFanUITests.debug.xcconfig */;
			buildSettings = {
				ALWAYS_EMBED_SWIFT_STANDARD_LIBRARIES = YES;
				CODE_SIGN_STYLE = Automatic;
				CURRENT_PROJECT_VERSION = 1;
				DEVELOPMENT_TEAM = B3H6X5FVJQ;
				GENERATE_INFOPLIST_FILE = YES;
				MARKETING_VERSION = 1.0;
				PRODUCT_BUNDLE_IDENTIFIER = info.SpaceXFanUITests;
				PRODUCT_NAME = "$(TARGET_NAME)";
				SWIFT_EMIT_LOC_STRINGS = NO;
				SWIFT_VERSION = 5.0;
				TARGETED_DEVICE_FAMILY = "1,2";
				TEST_TARGET_NAME = SpaceXFan;
			};
			name = Debug;
		};
		646BCD032839BB5D00BD6862 /* Release */ = {
			isa = XCBuildConfiguration;
			baseConfigurationReference = 2B9933C1C8DA93585F9237EB /* Pods-SpaceXFan-SpaceXFanUITests.release.xcconfig */;
			buildSettings = {
				ALWAYS_EMBED_SWIFT_STANDARD_LIBRARIES = YES;
				CODE_SIGN_STYLE = Automatic;
				CURRENT_PROJECT_VERSION = 1;
				DEVELOPMENT_TEAM = B3H6X5FVJQ;
				GENERATE_INFOPLIST_FILE = YES;
				MARKETING_VERSION = 1.0;
				PRODUCT_BUNDLE_IDENTIFIER = info.SpaceXFanUITests;
				PRODUCT_NAME = "$(TARGET_NAME)";
				SWIFT_EMIT_LOC_STRINGS = NO;
				SWIFT_VERSION = 5.0;
				TARGETED_DEVICE_FAMILY = "1,2";
				TEST_TARGET_NAME = SpaceXFan;
			};
			name = Release;
		};
/* End XCBuildConfiguration section */

/* Begin XCConfigurationList section */
		646BCCCC2839BB5B00BD6862 /* Build configuration list for PBXProject "SpaceXFan" */ = {
			isa = XCConfigurationList;
			buildConfigurations = (
				646BCCF92839BB5D00BD6862 /* Debug */,
				646BCCFA2839BB5D00BD6862 /* Release */,
			);
			defaultConfigurationIsVisible = 0;
			defaultConfigurationName = Release;
		};
		646BCCFB2839BB5D00BD6862 /* Build configuration list for PBXNativeTarget "SpaceXFan" */ = {
			isa = XCConfigurationList;
			buildConfigurations = (
				646BCCFC2839BB5D00BD6862 /* Debug */,
				646BCCFD2839BB5D00BD6862 /* Release */,
			);
			defaultConfigurationIsVisible = 0;
			defaultConfigurationName = Release;
		};
		646BCCFE2839BB5D00BD6862 /* Build configuration list for PBXNativeTarget "SpaceXFanTests" */ = {
			isa = XCConfigurationList;
			buildConfigurations = (
				646BCCFF2839BB5D00BD6862 /* Debug */,
				646BCD002839BB5D00BD6862 /* Release */,
			);
			defaultConfigurationIsVisible = 0;
			defaultConfigurationName = Release;
		};
		646BCD012839BB5D00BD6862 /* Build configuration list for PBXNativeTarget "SpaceXFanUITests" */ = {
			isa = XCConfigurationList;
			buildConfigurations = (
				646BCD022839BB5D00BD6862 /* Debug */,
				646BCD032839BB5D00BD6862 /* Release */,
			);
			defaultConfigurationIsVisible = 0;
			defaultConfigurationName = Release;
		};
/* End XCConfigurationList section */
	};
	rootObject = 646BCCC92839BB5B00BD6862 /* Project object */;
}
